# auto-generated by grc.converter

id: iridium_iridium_qpsk_demod
label: iridium_qpsk_demod
category: '[Iridium]'

parameters:
-   id: sample_rate
    label: Sample Rate
    dtype: int

inputs:
-   domain: message
    id: cpdus

templates:
    imports: import iridium
    make: iridium.iridium_qpsk_demod(${sample_rate})

file_format: 1
