# auto-generated by grc.converter

id: nrsc5_l1_fm_encoder_mp6
label: 'Layer 1 FM encoder: MP6'
category: '[NRSC-5]'

inputs:
-   label: p1
    domain: stream
    dtype: byte
    vlen: 9216
-   label: p2
    domain: stream
    dtype: byte
    vlen: 72448
-   label: pids
    domain: stream
    dtype: byte
    vlen: 80

outputs:
-   domain: stream
    dtype: complex
    vlen: 2048

templates:
    imports: import nrsc5
    make: nrsc5.l1_fm_encoder(6)

file_format: 1
