# auto-generated by grc.converter

id: nrsc5_psd_encoder
label: PSD encoder
category: '[NRSC-5]'

parameters:
-   id: prog_num
    label: Program number
    dtype: int
    default: 0
-   id: title
    label: Title
    dtype: string
    default: Title
-   id: artist
    label: Artist
    dtype: string
    default: Artist

outputs:
-   domain: stream
    dtype: byte
asserts:
- ${ 0 <= prog_num <= 7 }

templates:
    imports: import nrsc5
    make: nrsc5.psd_encoder(${prog_num}, ${title}, ${artist})

file_format: 1
