# auto-generated by grc.converter

id: nrsc5_hdc_encoder
label: HDC Encoder
category: '[NRSC-5]'

parameters:
-   id: channels
    label: Channels
    dtype: int
    default: 2
-   id: bitrate
    label: Bitrate
    dtype: int
    default: 64000

inputs:
-   domain: stream
    dtype: float
    multiplicity: ${ channels }

outputs:
-   domain: stream
    dtype: byte
asserts:
- ${ 1 <= channels <= 2 }
- ${ 0 < bitrate }

templates:
    imports: import nrsc5
    make: nrsc5.hdc_encoder(${channels}, ${bitrate})

file_format: 1
