# auto-generated by grc.converter

id: nrsc5_l2_encoder
label: Layer 2 encoder
category: '[NRSC-5]'

parameters:
-   id: num_progs
    label: Programs
    dtype: int
    default: 1
-   id: first_prog
    label: First prog. no.
    dtype: int
    default: 0
-   id: size
    label: Frame size
    dtype: int
    default: 146176
    options: [146176, 109312, 72448, 30000, 24000, 18272, 9216, 4608, 3750, 2304]

inputs:
-   label: hdc
    domain: stream
    dtype: byte
    multiplicity: ${ num_progs }
-   label: psd
    domain: stream
    dtype: byte
    multiplicity: ${ num_progs }

outputs:
-   domain: stream
    dtype: byte
    vlen: ${ size }
asserts:
- ${ 0 <= first_prog <= 7 }
- ${ 1 <= num_progs <= 8 - first_prog }

templates:
    imports: import nrsc5
    make: nrsc5.l2_encoder(${num_progs}, ${first_prog}, ${size})

file_format: 1
