# auto-generated by grc.converter

id: bluetooth_gr_bluetooth_packet
label: gr_bluetooth_packet
category: bluetooth

parameters:
-   id: '...'
    label: '...'
    dtype: '...'

inputs:
-   domain: stream
    dtype: ''

outputs:
-   domain: stream
    dtype: ''

templates:
    imports: import bluetooth
    make: bluetooth.gr_bluetooth_packet(*stream, length)

file_format: 1
