# auto-generated by grc.converter

id: bluetooth_gr_bluetooth_multi_sniffer
label: gr_bluetooth_multi_sniffer
category: bluetooth

parameters:
-   id: sample_rate
    label: sample_rate
    dtype: int
-   id: center_freq
    label: center_freq
    dtype: int

inputs:
-   domain: stream
    dtype: complex

outputs:
-   domain: stream
    dtype: complex

templates:
    imports: import bluetooth
    make: bluetooth.gr_bluetooth_multi_sniffer(sample_rate, center_freq)

file_format: 1
