# auto-generated by grc.converter

id: bluetooth_gr_bluetooth_piconet
label: gr_bluetooth_piconet
category: bluetooth

parameters:
-   id: LAP
    label: LAP
    dtype: int

inputs:
-   domain: stream
    dtype: complex

outputs:
-   domain: stream
    dtype: complex

templates:
    imports: import bluetooth
    make: bluetooth.gr_bluetooth_piconet(LAP)

file_format: 1
