# auto-generated by grc.converter

id: ieee802_15_4_frame_buffer_cc
label: Frame Buffer
category: '[IEEE802.15.4]'

parameters:
-   id: nsym_frame
    label: Symbols per frame
    dtype: int

inputs:
-   domain: stream
    dtype: complex

outputs:
-   domain: stream
    dtype: complex

templates:
    imports: import ieee802_15_4
    make: ieee802_15_4.frame_buffer_cc(${nsym_frame})

file_format: 1
