# auto-generated by grc.converter

id: ieee802_15_4_multiuser_chirp_detector_cc
label: Multiuser Chirp Detector
category: '[IEEE802.15.4]'

parameters:
-   id: chirp_seq
    label: Chirp Sequence
    dtype: complex_vector
-   id: time_gap_1
    label: Time Gap 1
    dtype: int
-   id: time_gap_2
    label: Time Gap 2
    dtype: int
-   id: len_subchirp
    label: Length Subchirp
    dtype: int
-   id: threshold
    label: Threshold
    dtype: float

inputs:
-   domain: stream
    dtype: complex

outputs:
-   domain: stream
    dtype: complex

templates:
    imports: import ieee802_15_4
    make: ieee802_15_4.multiuser_chirp_detector_cc(${chirp_seq}, ${time_gap_1}, ${time_gap_2},
        ${len_subchirp}, ${threshold})

file_format: 1
