# auto-generated by grc.converter

id: ieee802_15_4_packet_sink
label: Packet Sink
category: '[IEEE802.15.4]'

parameters:
-   id: th
    label: Threshold
    dtype: int
    default: '10'

inputs:
-   domain: stream
    dtype: float
    multiplicity: '1'

outputs:
-   domain: message
    id: out

templates:
    imports: import ieee802_15_4
    make: ieee802_15_4.packet_sink(${th})

file_format: 1
