# auto-generated by grc.converter

id: ieee802_15_4_dqcsk_demapper_cc
label: DQCSK Demapper
category: '[IEEE802.15.4]'

parameters:
-   id: chirp_seq
    label: Chirp Sequence
    dtype: complex_vector
-   id: time_gap_1
    label: Time Gap 1
    dtype: complex_vector
-   id: time_gap_2
    label: Time Gap 2
    dtype: complex_vector
-   id: len_subchirp
    label: Samples per Subchirp
    dtype: int
-   id: num_subchirps
    label: Num subchirps per sequence
    dtype: int

inputs:
-   domain: stream
    dtype: complex

outputs:
-   domain: stream
    dtype: complex

templates:
    imports: import ieee802_15_4
    make: ieee802_15_4.dqcsk_demapper_cc(${chirp_seq}, ${time_gap_1}, ${time_gap_2},
        ${len_subchirp}, ${num_subchirps})

file_format: 1
