# auto-generated by grc.converter

id: ieee802_15_4_zeropadding_b
label: Zero Padding
category: '[IEEE802.15.4]'

parameters:
-   id: nzeros
    label: Num zeros
    dtype: int

inputs:
-   domain: message
    id: in

outputs:
-   domain: stream
    dtype: byte

templates:
    imports: import ieee802_15_4
    make: ieee802_15_4.zeropadding_b(${nzeros})

file_format: 1
