# auto-generated by grc.converter

id: ieee802_15_4_qpsk_demapper_fi
label: QPSK Demapper
category: '[IEEE802.15.4]'

inputs:
-   domain: stream
    dtype: float

outputs:
-   domain: stream
    dtype: int
    multiplicity: '2'

templates:
    imports: import ieee802_15_4
    make: ieee802_15_4.qpsk_demapper_fi()

file_format: 1
