# auto-generated by grc.converter

id: gsm_gen_test_ab
label: Gen Test AB

inputs:
-   domain: message
    id: bursts_in
    optional: true

outputs:
-   domain: message
    id: bursts_out
    optional: true

templates:
    imports: from gnuradio import gsm
    make: gsm.gen_test_ab()

file_format: 1
