# auto-generated by grc.converter

id: gsm_dummy_burst_filter
label: Dummy Burst Filter

inputs:
-   domain: message
    id: in

outputs:
-   domain: message
    id: out
    optional: true

templates:
    imports: from gnuradio import gsm
    make: gsm.dummy_burst_filter()

documentation: "This block filters dummy bursts. \n\nFor more information on dummy\
    \ bursts, see GSM 05.02."

file_format: 1
