# auto-generated by grc.converter

id: garage_door_message_cycler
label: message_cycler
category: '[garage_door]'

parameters:
-   id: sample_rate
    label: Sample Rate
    dtype: float
-   id: dip_interval
    label: DIP Interval (s)
    dtype: float
    default: '0.001'
-   id: starting_dip
    label: Starting DIP (0-1023)
    dtype: float
    default: '0'
-   id: bpd
    label: Bursts per DIP
    dtype: int
    default: '5'
-   id: burst_interval
    label: Burst Interval (s)
    dtype: float
    default: '0.02'

inputs:
-   domain: stream
    dtype: complex

outputs:
-   domain: stream
    dtype: complex

templates:
    imports: import gnuradio.garage_door as garage_door
    make: garage_door.message_cycler(${sample_rate},${dip_interval},${starting_dip},${bpd},${burst_interval})
    callbacks:
    - set_sample_rate(${sample_rate})
    - set_dip_interval(${dip_interval})
    - set_dip(${starting_dip})
    - set_bpd(${bpd})
    - set_burst_interval(${burst_interval})

file_format: 1
