# auto-generated by grc.converter

id: garage_door_message_generator
label: message_generator
category: '[garage_door]'

parameters:
-   id: sample_rate
    label: Sample Rate
    dtype: float
-   id: dip_positions
    label: DIP Positions
    dtype: string
    default: '"0000011111"'
-   id: press_duration
    label: Press Duration
    dtype: float
    default: '1'
-   id: press_repetition_interval
    label: Press Repetition Interval
    dtype: float
    default: '10'

inputs:
-   domain: stream
    dtype: complex

outputs:
-   domain: stream
    dtype: complex

templates:
    imports: import gnuradio.garage_door as garage_door
    make: garage_door.message_generator(${sample_rate},${dip_positions},${press_duration},${press_repetition_interval})
    callbacks:
    - set_sample_rate(${sample_rate})
    - set_dip_positions(${dip_positions})
    - set_press_duration(${press_duration})
    - set_press_repetition_interval(${press_repetition_interval})

file_format: 1
