id: X10_x10_decoder
label: x10_decoder
category: '[X10]'

templates:
  imports: import X10
  make: X10.x10_decoder()


inputs:
- label: in
  domain: stream
  dtype: float
  vlen: 1
  optional: 0


outputs:
- label: out
  domain: message
  dtype: message
  vlen: 1
  optional: 1
- label: bytes
  domain: message
  dtype: message
  vlen: 1
  optional: 1  


file_format: 1
