id: X10_msg_gen_fuzzer
label: msg_gen_fuzzer
category: '[X10]'

templates:
  imports: import X10
  make: X10.msg_gen_fuzzer(${sample_rate},${address_code},${data_code},${press_duration},${press_repetition_interval})
  callbacks:
  - set_sample_rate(${sample_rate})
  - set_address_code(${address_code})
  - set_data_code(${data_code})
  - set_press_duration(${press_duration})
  - set_press_repetition_interval(${press_repetition_interval})

parameters:
- id: sample_rate
  label: Sample Rate
  dtype: float
- id: address_code
  label: Address Code
  dtype: string
  default: "0x60"
- id: data_code
  label: Data Code
  dtype: string
  default: "0x00"
- id: press_duration
  label: Press Duration
  dtype: float
  default: 1
- id: press_repetition_interval
  label: Press Repetition Interval
  dtype: float
  default: 10


inputs:
- label: in
  domain: stream
  dtype: complex
  vlen: 1
  optional: 0
- label: fuzzer_in
  domain: message
  dtype: message
  vlen: 1
  optional: 0


outputs:
- label: out
  domain: stream
  dtype: complex
  vlen: 1
  optional: 0
  
  
file_format: 1
