# auto-generated by grc.converter

id: paint_image_source
label: Image File Source
category: '[Paint]'

parameters:
-   id: image_file
    label: Image File
    dtype: file_open
-   id: image_flip
    label: Flip image?
    dtype: enum
    default: 'False'
    options: ['0', '1']
    option_labels: ['No', 'Yes']
-   id: bt709_map
    label: ITU-R BT.709
    dtype: enum
    default: 'True'
    options: ['1', '0']
    option_labels: ['Yes', 'No']
-   id: image_invert
    label: Invert brightness?
    dtype: enum
    default: 'False'
    options: ['0', '1']
    option_labels: ['No', 'Yes']
-   id: autocontrast
    label: '"Enhance" contrast?'
    dtype: enum
    default: 'False'
    options: ['0', '1']
    option_labels: ['No', 'Yes']
-   id: repeatmode
    label: Repeat
    dtype: enum
    default: 'Yes'
    options: ['0', '1', '2']
    option_labels: ['No', 'Yes', 'Yes, with file re-read']

outputs:
-   domain: stream
    dtype: byte

templates:
    imports: import paint
    make: paint.image_source(${image_file}, ${image_flip}, ${bt709_map}, ${image_invert},
        ${autocontrast}, ${repeatmode})

file_format: 1
