id: fuzzer_continuous_insert
label: continuous_insert
category: '[fuzzer]'

templates:
  imports: import fuzzer
  make: fuzzer.continuous_insert(${vector})


parameters:
- id: vector
  label: Starting Vector
  dtype: int_vector
  default: 0, 0, 0

inputs:
- label: in
  domain: stream
  dtype: byte
  vlen: 1
  optional: 0
- label: packet_in
  domain: message
  dtype: message
  vlen: 1
  optional: 0  

outputs:
- label: out
  domain: stream
  dtype: byte
  vlen: 1
  optional: 0


file_format: 1
