# auto-generated by grc.converter

id: gsm_sch_detector
label: SCH Bursts Detector

parameters:
-   id: OSR
    label: OSR
    dtype: int
    default: '4'

inputs:
-   domain: stream
    dtype: complex

outputs:
-   domain: stream
    dtype: complex

templates:
    imports: from gnuradio import gsm
    make: gsm.sch_detector(${OSR})
    callbacks:
    - set_OSR(${OSR})

file_format: 1
