# auto-generated by grc.converter

id: gsm_cx_channel_hopper
label: CX Channel Hopper

parameters:
-   id: ma
    label: MA
    dtype: int_vector
    default: '[]'
-   id: maio
    label: MAIO
    dtype: int
-   id: hsn
    label: HSN
    dtype: int

inputs:
-   domain: message
    id: CX

outputs:
-   domain: message
    id: bursts

templates:
    imports: from gnuradio import gsm
    make: gsm.cx_channel_hopper(${ma}, ${maio}, ${hsn})

file_format: 1
