# auto-generated by grc.converter

id: gsm_fcch_burst_tagger
label: FCCH Burst Tagger

parameters:
-   id: OSR
    label: OSR
    dtype: int

inputs:
-   domain: stream
    dtype: complex
-   label: threshold
    domain: stream
    dtype: float

outputs:
-   domain: stream
    dtype: complex

templates:
    imports: from gnuradio import gsm
    make: gsm.fcch_burst_tagger(${OSR})

file_format: 1
