# auto-generated by grc.converter

id: gsm_message_sink
label: Message Sink

inputs:
-   domain: message
    id: in

templates:
    imports: from gnuradio import gsm
    make: gsm.message_sink()

documentation: |-
    This block is a message sink for testing purposes.

    The data can be retrieved using function get_messages()

file_format: 1
