# auto-generated by grc.converter

id: ieee802_11_decode_mac
label: WiFi Decode MAC
category: '[IEEE802.11]'

parameters:
-   id: log
    label: Log
    dtype: bool
    default: 'False'
    options: ['True', 'False']
    option_labels: [Enable, Disable]
-   id: debug
    label: Debug
    dtype: bool
    default: 'False'
    options: ['True', 'False']
    option_labels: [Enable, Disable]

inputs:
-   domain: stream
    dtype: byte
    vlen: 48

outputs:
-   domain: message
    id: out
    optional: true

templates:
    imports: import ieee802_11
    make: ieee802_11.decode_mac(${log}, ${debug})

file_format: 1
