# auto-generated by grc.converter

id: zwave_poore_decoder
label: decoder
category: '[zwave_poore]'

inputs:
-   domain: stream
    dtype: float

outputs:
-   domain: message
    id: out
-   domain: message
    id: bytes
    optional: true

templates:
    imports: import gnuradio.zwave_poore as zwave_poore
    make: zwave_poore.decoder()

file_format: 1
