# auto-generated by grc.converter

id: gsm_control_channels_decoder
label: Control channels decoder

inputs:
-   domain: message
    id: bursts

outputs:
-   domain: message
    id: msgs
    optional: true

templates:
    imports: from gnuradio import gsm
    make: gsm.control_channels_decoder()

file_format: 1
