# auto-generated by grc.converter

id: clapper_plus_message_generator_433
label: message_generator_433
category: '[clapper_plus]'

parameters:
-   id: button
    label: Button 2(L) or 3(R)
    dtype: int
    default: '2'
-   id: sample_rate
    label: Sample Rate
    dtype: float
-   id: press_repetition_interval
    label: Press Repetition Interval
    dtype: float
    default: '10'

inputs:
-   domain: stream
    dtype: complex

outputs:
-   domain: stream
    dtype: complex

templates:
    imports: import gnuradio.clapper_plus as clapper_plus
    make: clapper_plus.message_generator_433(${button},${sample_rate},${press_repetition_interval})
    callbacks:
    - set_button(${button})
    - set_sample_rate(${sample_rate})
    - set_press_repetition_interval(${press_repetition_interval})

file_format: 1
