id: zwave_poore_decoder
label: decoder
category: '[zwave_poore]'

templates:
  imports: import zwave_poore
  make: zwave_poore.decoder()

inputs:
- label: in
  domain: stream
  dtype: float
  vlen: 1
  optional: 0


outputs:
- label: out
  domain: message
  dtype: message
  vlen: 1
  optional: 1
- label: bytes
  domain: message
  dtype: message
  vlen: 1
  optional: 1 
  
file_format: 1
