id: iridium_fft_channelizer
label: fft_channelizer
category: '[Iridium]'

templates:
  imports: import iridium
  make: iridium.fft_channelizer(${fft_size}, ${decimation}, ${activate_streams}, ${pdu_ports}, ${max_burst_size}, ${max_outstanding}, ${drop_overflow})

parameters:
- id: fft_size
  label: FFT Size
  dtype: int
  default: 1024
- id: decimation
  label: Decimation
  dtype: int
  default: 8
- id: activate_streams
  label: Activate Streams
  dtype: bool
  default: False
- id: pdu_ports
  label: Number of PDU outputs
  dtype: int
  default: 1
- id: max_burst_size
  label: Max Burst Size
  dtype: int
  default: 100000
- id: max_outstanding
  label: Maximum Outstanding Bursts
  dtype: int
  default: 500
- id: drop_overflow
  label: Drop Overflowing Bursts
  dtype: bool
  default: False

inputs:
- label: in
  domain: stream
  dtype: complex

outputs:
- label: cpdus0
  domain: message
  hide: ${pdu_ports != 1}
- label: cpdus
  domain: message
  multiplicity: ${pdu_ports}
  hide: ${pdu_ports < 2}
- label: burst_handled
  domain: message
  hide: ${pdu_ports == 0}
- label: out
  domain: stream
  dtype: complex
  multiplicity: ${decimation + 1}
  hide: ${activate_streams == False}

#  'file_format' specifies the version of the GRC yml format used in the file
#  and should usually not be changed.
file_format: 1
