id: iridium_iridium_frame_printer
label: iridium_frame_printer
category: '[Iridium]'

templates:
  imports: import iridium
  make: iridium.iridium_frame_printer("")
inputs:
-   domain: message
    id: pdus


#  'file_format' specifies the version of the GRC yml format used in the file
#  and should usually not be changed.
file_format: 1
