id: iridium_frame_sorter
label: frame_sorter
category: '[Iridium]'

templates:
  imports: import iridium
  make: iridium.frame_sorter()

inputs:
-   domain: message
    id: pdus

outputs:
-   domain: message
    id: pdus


#  'file_format' specifies the version of the GRC yml format used in the file
#  and should usually not be changed.
file_format: 1
