# auto-generated by grc.converter

id: gsm_extract_assignment_cmd
label: Extract Assignment Command

inputs:
-   domain: message
    id: msgs

templates:
    imports: from gnuradio import gsm
    make: gsm.extract_assignment_cmd()

documentation: |-
    Extracts Assignemnt Commands.

    Input: decoded control channel messages

    The information can be retrieved using following function:
    get_assignment_commands()

file_format: 1
