# auto-generated by grc.converter

id: gsm_message_file_sink
label: Message File Sink

parameters:
-   id: filename
    label: Destination file
    dtype: file_open
    default: /tmp/output.msg

inputs:
-   domain: message
    id: in

templates:
    imports: from gnuradio import gsm
    make: gsm.message_file_sink(${filename})

documentation: |-
    This block stores incoming gsm messages to a file.

file_format: 1
