# auto-generated by grc.converter

id: gsm_burst_file_sink
label: Burst File Sink

parameters:
-   id: filename
    label: Destination file
    dtype: file_open
    default: /tmp/bursts

inputs:
-   domain: message
    id: in

templates:
    imports: from gnuradio import gsm
    make: gsm.burst_file_sink(${filename})

file_format: 1
