# auto-generated by grc.converter

id: gsm_msg_to_tag
label: Message To Tag

inputs:
-   domain: stream
    dtype: complex
-   domain: message
    id: msg
    optional: true

outputs:
-   domain: stream
    dtype: complex

templates:
    imports: from gnuradio import gsm
    make: gsm.msg_to_tag()

file_format: 1
