# auto-generated by grc.converter

id: gsm_message_file_source
label: Message File Source

parameters:
-   id: filename
    label: Source file
    dtype: file_open
    default: /tmp/output.msg

outputs:
-   domain: message
    id: out

templates:
    imports: from gnuradio import gsm
    make: gsm.message_file_source(${filename})

documentation: |-
    This block outputs gsm messages stored in a file.

file_format: 1
