# auto-generated by grc.converter

id: gsm_burst_to_fn_time
label: Burst to FN time

inputs:
-   domain: message
    id: bursts_in
    optional: true

outputs:
-   domain: message
    id: fn_time_out
    optional: true

templates:
    imports: from gnuradio import gsm
    make: gsm.burst_to_fn_time()

file_format: 1
