# auto-generated by grc.converter

id: ieee802_11_mapper
label: WiFi Mapper
category: '[IEEE802.11]'

parameters:
-   id: encoding
    label: Encoding
    dtype: int
    default: ieee802_11.BPSK_1_2
    options: [ieee802_11.BPSK_1_2, ieee802_11.BPSK_3_4, ieee802_11.QPSK_1_2, ieee802_11.QPSK_3_4,
        ieee802_11.16QAM_1_2, ieee802_11.16QAM_3_4, ieee802_11.64QAM_2_3, ieee802_11.64QAM_3_4]
    option_labels: [BPSK 1/2, BPSK 3/4, QPSK 1/2, QPSK 3/4, 16QAM 1/2, 16QAM 3/4,
        64QAM 2/3, 64QAM 3/4]
-   id: debug
    label: Debug
    dtype: bool
    default: 'False'
    options: ['True', 'False']
    option_labels: [Enable, Disable]

inputs:
-   domain: message
    id: in

outputs:
-   domain: stream
    dtype: byte
    multiplicity: '1'
asserts:
- ${ encoding in range(8) }

templates:
    imports: import ieee802_11
    make: ieee802_11.mapper(${encoding}, ${debug})
    callbacks:
    - set_encoding(${encoding})

file_format: 1
