# auto-generated by grc.converter

id: ieee802_11_ether_encap
label: Ethernet Encapsulation
category: '[IEEE802.11]'

parameters:
-   id: debug
    label: Debug
    dtype: bool
    default: 'False'
    options: ['True', 'False']
    option_labels: [Enable, Disable]

inputs:
-   domain: message
    id: from tap
    optional: true
-   domain: message
    id: from wifi
    optional: true

outputs:
-   domain: message
    id: to tap
    optional: true
-   domain: message
    id: to wifi
    optional: true

templates:
    imports: import ieee802_11
    make: ieee802_11.ether_encap(${debug})

file_format: 1
