# auto-generated by grc.converter

id: ieee802_11_chunks_to_symbols_xx
label: Chunks to Symbols
category: '[IEEE802.11]'

inputs:
-   domain: stream
    dtype: byte
    multiplicity: '1'

outputs:
-   domain: stream
    dtype: complex
    multiplicity: '1'

templates:
    imports: import ieee802_11
    make: ieee802_11.chunks_to_symbols()

file_format: 1
