# auto-generated by grc.converter

id: X10_x10_decoder
label: x10_decoder
category: X10

inputs:
-   domain: stream
    dtype: float

outputs:
-   domain: message
    id: out
    optional: true
-   domain: message
    id: bytes
    optional: true

templates:
    imports: import gnuradio.X10 as X10
    make: X10.x10_decoder()

file_format: 1
