# auto-generated by grc.converter

id: X10_message_generator
label: message_generator
category: '[X10]'

parameters:
-   id: sample_rate
    label: Sample Rate
    dtype: float
-   id: address_code
    label: Address Code
    dtype: string
    default: '"0x60"'
-   id: data_code
    label: Data Code
    dtype: string
    default: '"0x00"'
-   id: press_duration
    label: Press Duration
    dtype: float
    default: '1'
-   id: press_repetition_interval
    label: Press Repetition Interval
    dtype: float
    default: '10'

inputs:
-   domain: stream
    dtype: complex

outputs:
-   domain: stream
    dtype: complex

templates:
    imports: import gnuradio.X10 as X10
    make: X10.message_generator(${sample_rate},${address_code},${data_code},${press_duration},${press_repetition_interval})
    callbacks:
    - set_sample_rate(${sample_rate})
    - set_address_code(${address_code})
    - set_data_code(${data_code})
    - set_press_duration(${press_duration})
    - set_press_repetition_interval(${press_repetition_interval})

file_format: 1
