# auto-generated by grc.converter

id: ieee802_15_4_chips_to_bits_fb
label: Chip Sequence Soft Demapper
category: '[IEEE802.15.4]'

parameters:
-   id: chip_seq
    label: Chip Sequence
    dtype: raw

inputs:
-   domain: stream
    dtype: float

outputs:
-   domain: stream
    dtype: byte

templates:
    imports: import ieee802_15_4
    make: ieee802_15_4.chips_to_bits_fb(${chip_seq})

file_format: 1
