# auto-generated by grc.converter

id: ieee802_15_4_zeropadding_removal_b
label: Zeropadding Removal
category: '[IEEE802.15.4]'

parameters:
-   id: phr_payload_len
    label: PHR+payload len
    dtype: int
-   id: nzeros
    label: Num zeros
    dtype: int

inputs:
-   domain: stream
    dtype: byte

outputs:
-   domain: message
    id: out

templates:
    imports: import ieee802_15_4
    make: ieee802_15_4.zeropadding_removal_b(${phr_payload_len}, ${nzeros})

file_format: 1
