# auto-generated by grc.converter

id: ieee802_15_4_preamble_tagger_cc
label: Preamble Tagger
category: '[IEEE802.15.4]'

parameters:
-   id: len_preamble
    label: Length of preamble
    dtype: int

inputs:
-   domain: stream
    dtype: complex

outputs:
-   domain: stream
    dtype: complex

templates:
    imports: import ieee802_15_4
    make: ieee802_15_4.preamble_tagger_cc(${len_preamble})

file_format: 1
