# auto-generated by grc.converter

id: ieee802_15_4_access_code_removal_b
label: Access Code Removal
category: '[IEEE802.15.4]'

parameters:
-   id: payload_len
    label: Num Payload Bytes
    dtype: int

inputs:
-   domain: stream
    dtype: byte

outputs:
-   domain: message
    id: out

templates:
    imports: import ieee802_15_4
    make: ieee802_15_4.access_code_removal_b(${payload_len})

file_format: 1
