# auto-generated by grc.converter

id: ieee802_15_4_deinterleaver_ff
label: Deinterleaver
category: '[IEEE802.15.4]'

parameters:
-   id: intlv_seq
    label: Interleaver sequence
    dtype: int_vector

inputs:
-   domain: stream
    dtype: float

outputs:
-   domain: stream
    dtype: float

templates:
    imports: import ieee802_15_4
    make: ieee802_15_4.deinterleaver_ff(${intlv_seq})

file_format: 1
