# auto-generated by grc.converter

id: ieee802_15_4_mac
label: IEEE802.15.4 MAC
category: '[IEEE802.15.4]'

parameters:
-   id: debug
    label: Debug
    dtype: bool
    default: 'False'
    options: ['True', 'False']
    option_labels: [Enable, Disable]
-   id: fcf
    label: Frame Control
    dtype: hex
    default: '0x8841'
-   id: seq_nr
    label: Sequence Number
    dtype: hex
    default: '0'
-   id: dst_pan
    label: Destination PAN
    dtype: hex
    default: '0x1aaa'
-   id: dst
    label: Destination Address
    dtype: hex
    default: '0xffff'
-   id: src
    label: Source Address
    dtype: hex
    default: '0x3344'

inputs:
-   domain: message
    id: pdu in
    optional: true
-   domain: message
    id: app in
    optional: true

outputs:
-   domain: message
    id: pdu out
    optional: true
-   domain: message
    id: app out
    optional: true

templates:
    imports: import ieee802_15_4
    make: ieee802_15_4.mac(${debug},${fcf},${seq_nr},${dst_pan},${dst},${src})

file_format: 1
