# auto-generated by grc.converter

id: ieee802_15_4_preamble_sfd_prefixer_ii
label: Preamble and SFD Prefixer
category: '[IEEE802.15.4]'

parameters:
-   id: preamble
    label: Preamble
    dtype: int_vector
-   id: sfd
    label: SFD
    dtype: int_vector
-   id: nsym_frame
    label: Symbols per frame
    dtype: int

inputs:
-   domain: stream
    dtype: int

outputs:
-   domain: stream
    dtype: int

templates:
    imports: import ieee802_15_4
    make: ieee802_15_4.preamble_sfd_prefixer_ii(${preamble}, ${sfd}, ${nsym_frame})

file_format: 1
