# auto-generated by grc.converter

id: ieee802_15_4_phr_removal
label: PHR Removal
category: '[IEEE802.15.4]'

parameters:
-   id: phr
    label: PHR
    dtype: raw

inputs:
-   domain: message
    id: in

outputs:
-   domain: message
    id: out

templates:
    imports: import ieee802_15_4
    make: ieee802_15_4.phr_removal(${phr})

file_format: 1
