# auto-generated by grc.converter

id: ieee802_15_4_codeword_demapper_ib
label: Codeword Demapper
category: '[IEEE802.15.4]'

parameters:
-   id: bits_per_cw
    label: Bits per codeword
    dtype: int
-   id: codewords
    label: Codewords
    dtype: raw

inputs:
-   domain: stream
    dtype: int

outputs:
-   domain: stream
    dtype: byte

templates:
    imports: import ieee802_15_4
    make: ieee802_15_4.codeword_demapper_ib(${bits_per_cw}, ${codewords})

file_format: 1
