# auto-generated by grc.converter

id: dect2_packet_receiver
label: Packet receiver
category: '[DECT2]'

inputs:
-   domain: stream
    dtype: float

outputs:
-   domain: stream
    dtype: byte
-   domain: message
    id: rcvr_msg_out
    optional: true

templates:
    imports: import gnuradio.dect2 as dect2
    make: dect2.packet_receiver()

file_format: 1
