# auto-generated by grc.converter

id: dect2_packet_decoder
label: Packet decoder
category: '[DECT2]'

parameters:
-   id: rx_id
    label: Part RX ID
    dtype: int
    default: '0'

inputs:
-   domain: stream
    dtype: byte
-   domain: message
    id: rcvr_msg_in
    optional: true

outputs:
-   domain: stream
    dtype: byte
-   domain: message
    id: log_out
    optional: true

templates:
    imports: import gnuradio.dect2 as dect2
    make: dect2.packet_decoder()
    callbacks:
    - select_rx_part(${rx_id})

file_format: 1
