# auto-generated by grc.converter

id: tpms_poore_decoder
label: decoder
category: '[tpms_poore]'

inputs:
-   domain: stream
    dtype: float

outputs:
-   domain: message
    id: out
-   domain: message
    id: bytes
    optional: true

templates:
    imports: import gnuradio.tpms_poore as tpms_poore
    make: tpms_poore.decoder()

file_format: 1
