# auto-generated by grc.converter

id: gsm_tch_f_chans_demapper
label: TCH/F Demapper

parameters:
-   id: timeslot_nr
    label: Timeslot
    dtype: int
    default: '2'
    hide: part

inputs:
-   domain: message
    id: bursts
    optional: true

outputs:
-   domain: message
    id: tch_bursts
    optional: true
-   domain: message
    id: acch_bursts
    optional: true

templates:
    imports: from gnuradio import gsm
    make: gsm.tch_f_chans_demapper(${timeslot_nr})

file_format: 1
