# auto-generated by grc.converter

id: nrsc5_l1_fm_encoder_mp1
label: 'Layer 1 FM encoder: MP1'
category: '[NRSC-5]'

inputs:
-   label: p1
    domain: stream
    dtype: byte
    vlen: 146176
-   label: pids
    domain: stream
    dtype: byte
    vlen: 80

outputs:
-   domain: stream
    dtype: complex
    vlen: 2048

templates:
    imports: import nrsc5
    make: nrsc5.l1_fm_encoder(1)

file_format: 1
